// !$*UTF8*$!
{
	archiveVersion = 1;
	classes = {
	};
	objectVersion = 55;
	objects = {

/* Begin PBXBuildFile section */
		13B9BFDC28401E5D00D13338 /* CountriesApp.swift in Sources */ = {isa = PBXBuildFile; fileRef = 13B9BFCC28401E5B00D13338 /* CountriesApp.swift */; };
		13B9BFDD28401E5D00D13338 /* CountriesApp.swift in Sources */ = {isa = PBXBuildFile; fileRef = 13B9BFCC28401E5B00D13338 /* CountriesApp.swift */; };
		13B9BFDE28401E5D00D13338 /* CountriesList.swift in Sources */ = {isa = PBXBuildFile; fileRef = 13B9BFCD28401E5B00D13338 /* CountriesList.swift */; };
		13B9BFDF28401E5D00D13338 /* CountriesList.swift in Sources */ = {isa = PBXBuildFile; fileRef = 13B9BFCD28401E5B00D13338 /* CountriesList.swift */; };
		13B9BFE028401E5D00D13338 /* Assets.xcassets in Resources */ = {isa = PBXBuildFile; fileRef = 13B9BFCE28401E5D00D13338 /* Assets.xcassets */; };
		13B9BFE128401E5D00D13338 /* Assets.xcassets in Resources */ = {isa = PBXBuildFile; fileRef = 13B9BFCE28401E5D00D13338 /* Assets.xcassets */; };
		13B9BFEB2840243300D13338 /* CountriesListViewModel.swift in Sources */ = {isa = PBXBuildFile; fileRef = 13B9BFEA2840243300D13338 /* CountriesListViewModel.swift */; };
		13B9BFEC2840243300D13338 /* CountriesListViewModel.swift in Sources */ = {isa = PBXBuildFile; fileRef = 13B9BFEA2840243300D13338 /* CountriesListViewModel.swift */; };
		13B9BFEE284028E700D13338 /* Country.swift in Sources */ = {isa = PBXBuildFile; fileRef = 13B9BFED284028E700D13338 /* Country.swift */; };
		13B9BFEF284028E700D13338 /* Country.swift in Sources */ = {isa = PBXBuildFile; fileRef = 13B9BFED284028E700D13338 /* Country.swift */; };
		13B9BFF928416EF800D13338 /* ApiService.swift in Sources */ = {isa = PBXBuildFile; fileRef = 13B9BFF828416EF800D13338 /* ApiService.swift */; };
		13B9BFFA28416EF800D13338 /* ApiService.swift in Sources */ = {isa = PBXBuildFile; fileRef = 13B9BFF828416EF800D13338 /* ApiService.swift */; };
/* End PBXBuildFile section */

/* Begin PBXFileReference section */
		139617F828418AD7009BAF81 /* CountryDetailView.swift */ = {isa = PBXFileReference; lastKnownFileType = sourcecode.swift; path = CountryDetailView.swift; sourceTree = "<group>"; };
		139617FB28418B19009BAF81 /* CountryDetailViewModel.swift */ = {isa = PBXFileReference; lastKnownFileType = sourcecode.swift; path = CountryDetailViewModel.swift; sourceTree = "<group>"; };
		1396180328423118009BAF81 /* brazil.json */ = {isa = PBXFileReference; fileEncoding = 4; lastKnownFileType = text.json; path = brazil.json; sourceTree = "<group>"; };
		1396180628423EEE009BAF81 /* mauritius.json */ = {isa = PBXFileReference; lastKnownFileType = text.json; path = mauritius.json; sourceTree = "<group>"; };
		1396180928423F4B009BAF81 /* TestData.swift */ = {isa = PBXFileReference; lastKnownFileType = sourcecode.swift; path = TestData.swift; sourceTree = "<group>"; };
		13B9BFCC28401E5B00D13338 /* CountriesApp.swift */ = {isa = PBXFileReference; lastKnownFileType = sourcecode.swift; path = CountriesApp.swift; sourceTree = "<group>"; };
		13B9BFCD28401E5B00D13338 /* CountriesList.swift */ = {isa = PBXFileReference; lastKnownFileType = sourcecode.swift; path = CountriesList.swift; sourceTree = "<group>"; };
		13B9BFCE28401E5D00D13338 /* Assets.xcassets */ = {isa = PBXFileReference; lastKnownFileType = folder.assetcatalog; path = Assets.xcassets; sourceTree = "<group>"; };
		13B9BFD328401E5D00D13338 /* Countries.app */ = {isa = PBXFileReference; explicitFileType = wrapper.application; includeInIndex = 0; path = Countries.app; sourceTree = BUILT_PRODUCTS_DIR; };
		13B9BFD928401E5D00D13338 /* Countries.app */ = {isa = PBXFileReference; explicitFileType = wrapper.application; includeInIndex = 0; path = Countries.app; sourceTree = BUILT_PRODUCTS_DIR; };
		13B9BFDB28401E5D00D13338 /* macOS.entitlements */ = {isa = PBXFileReference; lastKnownFileType = text.plist.entitlements; path = macOS.entitlements; sourceTree = "<group>"; };
		13B9BFEA2840243300D13338 /* CountriesListViewModel.swift */ = {isa = PBXFileReference; lastKnownFileType = sourcecode.swift; path = CountriesListViewModel.swift; sourceTree = "<group>"; };
		13B9BFED284028E700D13338 /* Country.swift */ = {isa = PBXFileReference; lastKnownFileType = sourcecode.swift; path = Country.swift; sourceTree = "<group>"; };
		13B9BFF828416EF800D13338 /* ApiService.swift */ = {isa = PBXFileReference; lastKnownFileType = sourcecode.swift; path = ApiService.swift; sourceTree = "<group>"; };
/* End PBXFileReference section */

/* Begin PBXFrameworksBuildPhase section */
		13B9BFD028401E5D00D13338 /* Frameworks */ = {
			isa = PBXFrameworksBuildPhase;
			buildActionMask = 2147483647;
			files = (
			);
			runOnlyForDeploymentPostprocessing = 0;
		};
		13B9BFD628401E5D00D13338 /* Frameworks */ = {
			isa = PBXFrameworksBuildPhase;
			buildActionMask = 2147483647;
			files = (
			);
			runOnlyForDeploymentPostprocessing = 0;
		};
/* End PBXFrameworksBuildPhase section */

/* Begin PBXGroup section */
		1396180228423118009BAF81 /* DevelopmentAssets */ = {
			isa = PBXGroup;
			children = (
				1396180328423118009BAF81 /* brazil.json */,
				1396180628423EEE009BAF81 /* mauritius.json */,
				1396180928423F4B009BAF81 /* TestData.swift */,
			);
			path = DevelopmentAssets;
			sourceTree = "<group>";
		};
		13B9BFC628401E5A00D13338 = {
			isa = PBXGroup;
			children = (
				13B9BFCB28401E5B00D13338 /* Shared */,
				13B9BFDA28401E5D00D13338 /* macOS */,
				13B9BFD428401E5D00D13338 /* Products */,
			);
			sourceTree = "<group>";
		};
		13B9BFCB28401E5B00D13338 /* Shared */ = {
			isa = PBXGroup;
			children = (
				1396180228423118009BAF81 /* DevelopmentAssets */,
				13B9BFF828416EF800D13338 /* ApiService.swift */,
				13B9BFCE28401E5D00D13338 /* Assets.xcassets */,
				13B9BFCC28401E5B00D13338 /* CountriesApp.swift */,
				13B9BFCD28401E5B00D13338 /* CountriesList.swift */,
				13B9BFEA2840243300D13338 /* CountriesListViewModel.swift */,
				13B9BFED284028E700D13338 /* Country.swift */,
				139617F828418AD7009BAF81 /* CountryDetailView.swift */,
				139617FB28418B19009BAF81 /* CountryDetailViewModel.swift */,
			);
			path = Shared;
			sourceTree = "<group>";
		};
		13B9BFD428401E5D00D13338 /* Products */ = {
			isa = PBXGroup;
			children = (
				13B9BFD328401E5D00D13338 /* Countries.app */,
				13B9BFD928401E5D00D13338 /* Countries.app */,
			);
			name = Products;
			sourceTree = "<group>";
		};
		13B9BFDA28401E5D00D13338 /* macOS */ = {
			isa = PBXGroup;
			children = (
				13B9BFDB28401E5D00D13338 /* macOS.entitlements */,
			);
			path = macOS;
			sourceTree = "<group>";
		};
/* End PBXGroup section */

/* Begin PBXNativeTarget section */
		13B9BFD228401E5D00D13338 /* Countries (iOS) */ = {
			isa = PBXNativeTarget;
			buildConfigurationList = 13B9BFE428401E5D00D13338 /* Build configuration list for PBXNativeTarget "Countries (iOS)" */;
			buildPhases = (
				13B9BFCF28401E5D00D13338 /* Sources */,
				13B9BFD028401E5D00D13338 /* Frameworks */,
				13B9BFD128401E5D00D13338 /* Resources */,
			);
			buildRules = (
			);
			dependencies = (
			);
			name = "Countries (iOS)";
			productName = "Countries (iOS)";
			productReference = 13B9BFD328401E5D00D13338 /* Countries.app */;
			productType = "com.apple.product-type.application";
		};
		13B9BFD828401E5D00D13338 /* Countries (macOS) */ = {
			isa = PBXNativeTarget;
			buildConfigurationList = 13B9BFE728401E5D00D13338 /* Build configuration list for PBXNativeTarget "Countries (macOS)" */;
			buildPhases = (
				13B9BFD528401E5D00D13338 /* Sources */,
				13B9BFD628401E5D00D13338 /* Frameworks */,
				13B9BFD728401E5D00D13338 /* Resources */,
			);
			buildRules = (
			);
			dependencies = (
			);
			name = "Countries (macOS)";
			productName = "Countries (macOS)";
			productReference = 13B9BFD928401E5D00D13338 /* Countries.app */;
			productType = "com.apple.product-type.application";
		};
/* End PBXNativeTarget section */

/* Begin PBXProject section */
		13B9BFC728401E5A00D13338 /* Project object */ = {
			isa = PBXProject;
			attributes = {
				BuildIndependentTargetsInParallel = 1;
				LastSwiftUpdateCheck = 1340;
				LastUpgradeCheck = 1340;
				TargetAttributes = {
					13B9BFD228401E5D00D13338 = {
						CreatedOnToolsVersion = 13.4;
					};
					13B9BFD828401E5D00D13338 = {
						CreatedOnToolsVersion = 13.4;
					};
				};
			};
			buildConfigurationList = 13B9BFCA28401E5A00D13338 /* Build configuration list for PBXProject "Countries" */;
			compatibilityVersion = "Xcode 13.0";
			developmentRegion = en;
			hasScannedForEncodings = 0;
			knownRegions = (
				en,
				Base,
			);
			mainGroup = 13B9BFC628401E5A00D13338;
			productRefGroup = 13B9BFD428401E5D00D13338 /* Products */;
			projectDirPath = "";
			projectRoot = "";
			targets = (
				13B9BFD228401E5D00D13338 /* Countries (iOS) */,
				13B9BFD828401E5D00D13338 /* Countries (macOS) */,
			);
		};
/* End PBXProject section */

/* Begin PBXResourcesBuildPhase section */
		13B9BFD128401E5D00D13338 /* Resources */ = {
			isa = PBXResourcesBuildPhase;
			buildActionMask = 2147483647;
			files = (
				1396180728423EEE009BAF81 /* mauritius.json in Resources */,
				13B9BFE028401E5D00D13338 /* Assets.xcassets in Resources */,
				1396180428423118009BAF81 /* brazil.json in Resources */,
			);
			runOnlyForDeploymentPostprocessing = 0;
		};
		13B9BFD728401E5D00D13338 /* Resources */ = {
			isa = PBXResourcesBuildPhase;
			buildActionMask = 2147483647;
			files = (
				1396180828423EEE009BAF81 /* mauritius.json in Resources */,
				13B9BFE128401E5D00D13338 /* Assets.xcassets in Resources */,
				1396180528423118009BAF81 /* brazil.json in Resources */,
			);
			runOnlyForDeploymentPostprocessing = 0;
		};
/* End PBXResourcesBuildPhase section */

/* Begin PBXSourcesBuildPhase section */
		13B9BFCF28401E5D00D13338 /* Sources */ = {
			isa = PBXSourcesBuildPhase;
			buildActionMask = 2147483647;
			files = (
				139617F928418AD7009BAF81 /* CountryDetailView.swift in Sources */,
				13B9BFEE284028E700D13338 /* Country.swift in Sources */,
				13B9BFF928416EF800D13338 /* ApiService.swift in Sources */,
				1396180A28423F4B009BAF81 /* TestData.swift in Sources */,
				13B9BFDE28401E5D00D13338 /* CountriesList.swift in Sources */,
				13B9BFEB2840243300D13338 /* CountriesListViewModel.swift in Sources */,
				13B9BFDC28401E5D00D13338 /* CountriesApp.swift in Sources */,
				139617FC28418B19009BAF81 /* CountryDetailViewModel.swift in Sources */,
			);
			runOnlyForDeploymentPostprocessing = 0;
		};
		13B9BFD528401E5D00D13338 /* Sources */ = {
			isa = PBXSourcesBuildPhase;
			buildActionMask = 2147483647;
			files = (
				139617FA28418AD7009BAF81 /* CountryDetailView.swift in Sources */,
				13B9BFEF284028E700D13338 /* Country.swift in Sources */,
				13B9BFFA28416EF800D13338 /* ApiService.swift in Sources */,
				1396180B28423F4B009BAF81 /* TestData.swift in Sources */,
				13B9BFDF28401E5D00D13338 /* CountriesList.swift in Sources */,
				13B9BFEC2840243300D13338 /* CountriesListViewModel.swift in Sources */,
				13B9BFDD28401E5D00D13338 /* CountriesApp.swift in Sources */,
				139617FD28418B19009BAF81 /* CountryDetailViewModel.swift in Sources */,
			);
			runOnlyForDeploymentPostprocessing = 0;
		};
/* End PBXSourcesBuildPhase section */

/* Begin XCBuildConfiguration section */
		13B9BFE228401E5D00D13338 /* Debug */ = {
			isa = XCBuildConfiguration;
			buildSettings = {
				ALWAYS_SEARCH_USER_PATHS = NO;
				CLANG_ANALYZER_NONNULL = YES;
				CLANG_ANALYZER_NUMBER_OBJECT_CONVERSION = YES_AGGRESSIVE;
				CLANG_CXX_LANGUAGE_STANDARD = "gnu++17";
				CLANG_ENABLE_MODULES = YES;
				CLANG_ENABLE_OBJC_ARC = YES;
				CLANG_ENABLE_OBJC_WEAK = YES;
				CLANG_WARN_BLOCK_CAPTURE_AUTORELEASING = YES;
				CLANG_WARN_BOOL_CONVERSION = YES;
				CLANG_WARN_COMMA = YES;
				CLANG_WARN_CONSTANT_CONVERSION = YES;
				CLANG_WARN_DEPRECATED_OBJC_IMPLEMENTATIONS = YES;
				CLANG_WARN_DIRECT_OBJC_ISA_USAGE = YES_ERROR;
				CLANG_WARN_DOCUMENTATION_COMMENTS = YES;
				CLANG_WARN_EMPTY_BODY = YES;
				CLANG_WARN_ENUM_CONVERSION = YES;
				CLANG_WARN_INFINITE_RECURSION = YES;
				CLANG_WARN_INT_CONVERSION = YES;
				CLANG_WARN_NON_LITERAL_NULL_CONVERSION = YES;
				CLANG_WARN_OBJC_IMPLICIT_RETAIN_SELF = YES;
				CLANG_WARN_OBJC_LITERAL_CONVERSION = YES;
				CLANG_WARN_OBJC_ROOT_CLASS = YES_ERROR;
				CLANG_WARN_QUOTED_INCLUDE_IN_FRAMEWORK_HEADER = YES;
				CLANG_WARN_RANGE_LOOP_ANALYSIS = YES;
				CLANG_WARN_STRICT_PROTOTYPES = YES;
				CLANG_WARN_SUSPICIOUS_MOVE = YES;
				CLANG_WARN_UNGUARDED_AVAILABILITY = YES_AGGRESSIVE;
				CLANG_WARN_UNREACHABLE_CODE = YES;
				CLANG_WARN__DUPLICATE_METHOD_MATCH = YES;
				COPY_PHASE_STRIP = NO;
				DEBUG_INFORMATION_FORMAT = dwarf;
				ENABLE_STRICT_OBJC_MSGSEND = YES;
				ENABLE_TESTABILITY = YES;
				GCC_C_LANGUAGE_STANDARD = gnu11;
				GCC_DYNAMIC_NO_PIC = NO;
				GCC_NO_COMMON_BLOCKS = YES;
				GCC_OPTIMIZATION_LEVEL = 0;
				GCC_PREPROCESSOR_DEFINITIONS = (
					"DEBUG=1",
					"$(inherited)",
				);
				GCC_WARN_64_TO_32_BIT_CONVERSION = YES;
				GCC_WARN_ABOUT_RETURN_TYPE = YES_ERROR;
				GCC_WARN_UNDECLARED_SELECTOR = YES;
				GCC_WARN_UNINITIALIZED_AUTOS = YES_AGGRESSIVE;
				GCC_WARN_UNUSED_FUNCTION = YES;
				GCC_WARN_UNUSED_VARIABLE = YES;
				MTL_ENABLE_DEBUG_INFO = INCLUDE_SOURCE;
				MTL_FAST_MATH = YES;
				ONLY_ACTIVE_ARCH = YES;
				SWIFT_ACTIVE_COMPILATION_CONDITIONS = DEBUG;
				SWIFT_OPTIMIZATION_LEVEL = "-Onone";
			};
			name = Debug;
		};
		13B9BFE328401E5D00D13338 /* Release */ = {
			isa = XCBuildConfiguration;
			buildSettings = {
				ALWAYS_SEARCH_USER_PATHS = NO;
				CLANG_ANALYZER_NONNULL = YES;
				CLANG_ANALYZER_NUMBER_OBJECT_CONVERSION = YES_AGGRESSIVE;
				CLANG_CXX_LANGUAGE_STANDARD = "gnu++17";
				CLANG_ENABLE_MODULES = YES;
				CLANG_ENABLE_OBJC_ARC = YES;
				CLANG_ENABLE_OBJC_WEAK = YES;
				CLANG_WARN_BLOCK_CAPTURE_AUTORELEASING = YES;
				CLANG_WARN_BOOL_CONVERSION = YES;
				CLANG_WARN_COMMA = YES;
				CLANG_WARN_CONSTANT_CONVERSION = YES;
				CLANG_WARN_DEPRECATED_OBJC_IMPLEMENTATIONS = YES;
				CLANG_WARN_DIRECT_OBJC_ISA_USAGE = YES_ERROR;
				CLANG_WARN_DOCUMENTATION_COMMENTS = YES;
				CLANG_WARN_EMPTY_BODY = YES;
				CLANG_WARN_ENUM_CONVERSION = YES;
				CLANG_WARN_INFINITE_RECURSION = YES;
				CLANG_WARN_INT_CONVERSION = YES;
				CLANG_WARN_NON_LITERAL_NULL_CONVERSION = YES;
				CLANG_WARN_OBJC_IMPLICIT_RETAIN_SELF = YES;
				CLANG_WARN_OBJC_LITERAL_CONVERSION = YES;
				CLANG_WARN_OBJC_ROOT_CLASS = YES_ERROR;
				CLANG_WARN_QUOTED_INCLUDE_IN_FRAMEWORK_HEADER = YES;
				CLANG_WARN_RANGE_LOOP_ANALYSIS = YES;
				CLANG_WARN_STRICT_PROTOTYPES = YES;
				CLANG_WARN_SUSPICIOUS_MOVE = YES;
				CLANG_WARN_UNGUARDED_AVAILABILITY = YES_AGGRESSIVE;
				CLANG_WARN_UNREACHABLE_CODE = YES;
				CLANG_WARN__DUPLICATE_METHOD_MATCH = YES;
				COPY_PHASE_STRIP = NO;
				DEBUG_INFORMATION_FORMAT = "dwarf-with-dsym";
				ENABLE_NS_ASSERTIONS = NO;
				ENABLE_STRICT_OBJC_MSGSEND = YES;
				GCC_C_LANGUAGE_STANDARD = gnu11;
				GCC_NO_COMMON_BLOCKS = YES;
				GCC_WARN_64_TO_32_BIT_CONVERSION = YES;
				GCC_WARN_ABOUT_RETURN_TYPE = YES_ERROR;
				GCC_WARN_UNDECLARED_SELECTOR = YES;
				GCC_WARN_UNINITIALIZED_AUTOS = YES_AGGRESSIVE;
				GCC_WARN_UNUSED_FUNCTION = YES;
				GCC_WARN_UNUSED_VARIABLE = YES;
				MTL_ENABLE_DEBUG_INFO = NO;
				MTL_FAST_MATH = YES;
				SWIFT_COMPILATION_MODE = wholemodule;
				SWIFT_OPTIMIZATION_LEVEL = "-O";
			};
			name = Release;
		};
		13B9BFE528401E5D00D13338 /* Debug */ = {
			isa = XCBuildConfiguration;
			buildSettings = {
				ASSETCATALOG_COMPILER_APPICON_NAME = AppIcon;
				ASSETCATALOG_COMPILER_GLOBAL_ACCENT_COLOR_NAME = AccentColor;
				CODE_SIGN_STYLE = Automatic;
				CURRENT_PROJECT_VERSION = 1;
				ENABLE_PREVIEWS = YES;
				GENERATE_INFOPLIST_FILE = YES;
				INFOPLIST_KEY_UIApplicationSceneManifest_Generation = YES;
				INFOPLIST_KEY_UIApplicationSupportsIndirectInputEvents = YES;
				INFOPLIST_KEY_UILaunchScreen_Generation = YES;
				INFOPLIST_KEY_UISupportedInterfaceOrientations_iPad = "UIInterfaceOrientationPortrait UIInterfaceOrientationPortraitUpsideDown UIInterfaceOrientationLandscapeLeft UIInterfaceOrientationLandscapeRight";
				INFOPLIST_KEY_UISupportedInterfaceOrientations_iPhone = "UIInterfaceOrientationPortrait UIInterfaceOrientationLandscapeLeft UIInterfaceOrientationLandscapeRight";
				IPHONEOS_DEPLOYMENT_TARGET = 15.0;
				LD_RUNPATH_SEARCH_PATHS = (
					"$(inherited)",
					"@executable_path/Frameworks",
				);
				MARKETING_VERSION = 1.0;
				PRODUCT_BUNDLE_IDENTIFIER = com.test.Countries;
				PRODUCT_NAME = Countries;
				SDKROOT = iphoneos;
				SWIFT_EMIT_LOC_STRINGS = YES;
				SWIFT_VERSION = 5.0;
				TARGETED_DEVICE_FAMILY = "1,2";
			};
			name = Debug;
		};
		13B9BFE628401E5D00D13338 /* Release */ = {
			isa = XCBuildConfiguration;
			buildSettings = {
				ASSETCATALOG_COMPILER_APPICON_NAME = AppIcon;
				ASSETCATALOG_COMPILER_GLOBAL_ACCENT_COLOR_NAME = AccentColor;
				CODE_SIGN_STYLE = Automatic;
				CURRENT_PROJECT_VERSION = 1;
				ENABLE_PREVIEWS = YES;
				GENERATE_INFOPLIST_FILE = YES;
				INFOPLIST_KEY_UIApplicationSceneManifest_Generation = YES;
				INFOPLIST_KEY_UIApplicationSupportsIndirectInputEvents = YES;
				INFOPLIST_KEY_UILaunchScreen_Generation = YES;
				INFOPLIST_KEY_UISupportedInterfaceOrientations_iPad = "UIInterfaceOrientationPortrait UIInterfaceOrientationPortraitUpsideDown UIInterfaceOrientationLandscapeLeft UIInterfaceOrientationLandscapeRight";
				INFOPLIST_KEY_UISupportedInterfaceOrientations_iPhone = "UIInterfaceOrientationPortrait UIInterfaceOrientationLandscapeLeft UIInterfaceOrientationLandscapeRight";
				IPHONEOS_DEPLOYMENT_TARGET = 15.0;
				LD_RUNPATH_SEARCH_PATHS = (
					"$(inherited)",
					"@executable_path/Frameworks",
				);
				MARKETING_VERSION = 1.0;
				PRODUCT_BUNDLE_IDENTIFIER = com.test.Countries;
				PRODUCT_NAME = Countries;
				SDKROOT = iphoneos;
				SWIFT_EMIT_LOC_STRINGS = YES;
				SWIFT_VERSION = 5.0;
				TARGETED_DEVICE_FAMILY = "1,2";
				VALIDATE_PRODUCT = YES;
			};
			name = Release;
		};
		13B9BFE828401E5D00D13338 /* Debug */ = {
			isa = XCBuildConfiguration;
			buildSettings = {
				ASSETCATALOG_COMPILER_APPICON_NAME = AppIcon;
				ASSETCATALOG_COMPILER_GLOBAL_ACCENT_COLOR_NAME = AccentColor;
				CODE_SIGN_ENTITLEMENTS = macOS/macOS.entitlements;
				CODE_SIGN_STYLE = Automatic;
				COMBINE_HIDPI_IMAGES = YES;
				CURRENT_PROJECT_VERSION = 1;
				ENABLE_PREVIEWS = YES;
				GENERATE_INFOPLIST_FILE = YES;
				INFOPLIST_KEY_NSHumanReadableCopyright = "";
				LD_RUNPATH_SEARCH_PATHS = (
					"$(inherited)",
					"@executable_path/../Frameworks",
				);
				MACOSX_DEPLOYMENT_TARGET = 12.3;
				MARKETING_VERSION = 1.0;
				PRODUCT_BUNDLE_IDENTIFIER = com.test.Countries;
				PRODUCT_NAME = Countries;
				SDKROOT = macosx;
				SWIFT_EMIT_LOC_STRINGS = YES;
				SWIFT_VERSION = 5.0;
			};
			name = Debug;
		};
		13B9BFE928401E5D00D13338 /* Release */ = {
			isa = XCBuildConfiguration;
			buildSettings = {
				ASSETCATALOG_COMPILER_APPICON_NAME = AppIcon;
				ASSETCATALOG_COMPILER_GLOBAL_ACCENT_COLOR_NAME = AccentColor;
				CODE_SIGN_ENTITLEMENTS = macOS/macOS.entitlements;
				CODE_SIGN_STYLE = Automatic;
				COMBINE_HIDPI_IMAGES = YES;
				CURRENT_PROJECT_VERSION = 1;
				ENABLE_PREVIEWS = YES;
				GENERATE_INFOPLIST_FILE = YES;
				INFOPLIST_KEY_NSHumanReadableCopyright = "";
				LD_RUNPATH_SEARCH_PATHS = (
					"$(inherited)",
					"@executable_path/../Frameworks",
				);
				MACOSX_DEPLOYMENT_TARGET = 12.3;
				MARKETING_VERSION = 1.0;
				PRODUCT_BUNDLE_IDENTIFIER = com.test.Countries;
				PRODUCT_NAME = Countries;
				SDKROOT = macosx;
				SWIFT_EMIT_LOC_STRINGS = YES;
				SWIFT_VERSION = 5.0;
			};
			name = Release;
		};
/* End XCBuildConfiguration section */

/* Begin XCConfigurationList section */
		13B9BFCA28401E5A00D13338 /* Build configuration list for PBXProject "Countries" */ = {
			isa = XCConfigurationList;
			buildConfigurations = (
				13B9BFE228401E5D00D13338 /* Debug */,
				13B9BFE328401E5D00D13338 /* Release */,
			);
			defaultConfigurationIsVisible = 0;
			defaultConfigurationName = Release;
		};
		13B9BFE428401E5D00D13338 /* Build configuration list for PBXNativeTarget "Countries (iOS)" */ = {
			isa = XCConfigurationList;
			buildConfigurations = (
				13B9BFE528401E5D00D13338 /* Debug */,
				13B9BFE628401E5D00D13338 /* Release */,
			);
			defaultConfigurationIsVisible = 0;
			defaultConfigurationName = Release;
		};
		13B9BFE728401E5D00D13338 /* Build configuration list for PBXNativeTarget "Countries (macOS)" */ = {
			isa = XCConfigurationList;
			buildConfigurations = (
				13B9BFE828401E5D00D13338 /* Debug */,
				13B9BFE928401E5D00D13338 /* Release */,
			);
			defaultConfigurationIsVisible = 0;
			defaultConfigurationName = Release;
		};
/* End XCConfigurationList section */
	};
	rootObject = 13B9BFC728401E5A00D13338 /* Project object */;
}
